
Microsoft Visual Studio Solution File, Format Version 12.00
# Visual Studio 2012
# SharpDevelop 5.1
VisualStudioVersion = 14.0.23107.0
MinimumVisualStudioVersion = 10.0.40219.1
Project("{FAE04EC0-301F-11D3-BF4B-00C04F79EFBC}") = "BestCS.DbConsoleService", "BestCS.DbConsoleService.csproj", "{A8BC7D41-54E2-4FCF-AB22-C8DFFC7C5AF0}"
EndProject
Project("{FAE04EC0-301F-11D3-BF4B-00C04F79EFBC}") = "DbConsole", "DbConsole\DbConsole.csproj", "{D15A14C4-2814-4AE3-9894-FEA90E7F7A10}"
EndProject
Project("{FAE04EC0-301F-11D3-BF4B-00C04F79EFBC}") = "MySqlTest", "test\MySqlTest\MySqlTest.csproj", "{915793DE-32D0-4FF9-855C-5EDA45CE2585}"
EndProject
Project("{FAE04EC0-301F-11D3-BF4B-00C04F79EFBC}") = "BestCS.PostgreSqlProvider", "PostgreSQL\BestCS.PostgreSqlProvider.csproj", "{70ADBD0F-0AF1-4ADE-98FC-55AEE41ADBCD}"
EndProject
Project("{FAE04EC0-301F-11D3-BF4B-00C04F79EFBC}") = "BestCS.MySqlProvider", "MySQL\BestCS.MySqlProvider.csproj", "{346B8651-562E-4BCB-8BC3-3B7460537363}"
EndProject
Project("{FAE04EC0-301F-11D3-BF4B-00C04F79EFBC}") = "BestCS.Security", "Security\BestCS.Security.csproj", "{EE87D000-A384-4831-9EF0-5843AA14C164}"
EndProject
Project("{FAE04EC0-301F-11D3-BF4B-00C04F79EFBC}") = "MySqlTableEditor", "MySqlTableEditor\MySqlTableEditor.csproj", "{9E48C3FD-10C0-45FE-90EF-F9023602AC07}"
EndProject
Global
	GlobalSection(SolutionConfigurationPlatforms) = preSolution
		Debug|Any CPU = Debug|Any CPU
		Release|Any CPU = Release|Any CPU
	EndGlobalSection
	GlobalSection(ProjectConfigurationPlatforms) = postSolution
		{A8BC7D41-54E2-4FCF-AB22-C8DFFC7C5AF0}.Debug|Any CPU.ActiveCfg = Debug|Any CPU
		{A8BC7D41-54E2-4FCF-AB22-C8DFFC7C5AF0}.Debug|Any CPU.Build.0 = Debug|Any CPU
		{A8BC7D41-54E2-4FCF-AB22-C8DFFC7C5AF0}.Release|Any CPU.ActiveCfg = Release|Any CPU
		{A8BC7D41-54E2-4FCF-AB22-C8DFFC7C5AF0}.Release|Any CPU.Build.0 = Release|Any CPU
		{D15A14C4-2814-4AE3-9894-FEA90E7F7A10}.Debug|Any CPU.ActiveCfg = Debug|Any CPU
		{D15A14C4-2814-4AE3-9894-FEA90E7F7A10}.Debug|Any CPU.Build.0 = Debug|Any CPU
		{D15A14C4-2814-4AE3-9894-FEA90E7F7A10}.Release|Any CPU.ActiveCfg = Release|Any CPU
		{D15A14C4-2814-4AE3-9894-FEA90E7F7A10}.Release|Any CPU.Build.0 = Release|Any CPU
		{915793DE-32D0-4FF9-855C-5EDA45CE2585}.Debug|Any CPU.ActiveCfg = Debug|Any CPU
		{915793DE-32D0-4FF9-855C-5EDA45CE2585}.Debug|Any CPU.Build.0 = Debug|Any CPU
		{915793DE-32D0-4FF9-855C-5EDA45CE2585}.Release|Any CPU.ActiveCfg = Release|Any CPU
		{915793DE-32D0-4FF9-855C-5EDA45CE2585}.Release|Any CPU.Build.0 = Release|Any CPU
		{70ADBD0F-0AF1-4ADE-98FC-55AEE41ADBCD}.Debug|Any CPU.ActiveCfg = Debug|Any CPU
		{70ADBD0F-0AF1-4ADE-98FC-55AEE41ADBCD}.Debug|Any CPU.Build.0 = Debug|Any CPU
		{70ADBD0F-0AF1-4ADE-98FC-55AEE41ADBCD}.Release|Any CPU.ActiveCfg = Release|Any CPU
		{70ADBD0F-0AF1-4ADE-98FC-55AEE41ADBCD}.Release|Any CPU.Build.0 = Release|Any CPU
		{346B8651-562E-4BCB-8BC3-3B7460537363}.Debug|Any CPU.ActiveCfg = Debug|Any CPU
		{346B8651-562E-4BCB-8BC3-3B7460537363}.Debug|Any CPU.Build.0 = Debug|Any CPU
		{346B8651-562E-4BCB-8BC3-3B7460537363}.Release|Any CPU.ActiveCfg = Release|Any CPU
		{346B8651-562E-4BCB-8BC3-3B7460537363}.Release|Any CPU.Build.0 = Release|Any CPU
		{EE87D000-A384-4831-9EF0-5843AA14C164}.Debug|Any CPU.ActiveCfg = Debug|Any CPU
		{EE87D000-A384-4831-9EF0-5843AA14C164}.Debug|Any CPU.Build.0 = Debug|Any CPU
		{EE87D000-A384-4831-9EF0-5843AA14C164}.Release|Any CPU.ActiveCfg = Release|Any CPU
		{EE87D000-A384-4831-9EF0-5843AA14C164}.Release|Any CPU.Build.0 = Release|Any CPU
		{9E48C3FD-10C0-45FE-90EF-F9023602AC07}.Debug|Any CPU.ActiveCfg = Debug|Any CPU
		{9E48C3FD-10C0-45FE-90EF-F9023602AC07}.Debug|Any CPU.Build.0 = Debug|Any CPU
		{9E48C3FD-10C0-45FE-90EF-F9023602AC07}.Release|Any CPU.ActiveCfg = Release|Any CPU
		{9E48C3FD-10C0-45FE-90EF-F9023602AC07}.Release|Any CPU.Build.0 = Release|Any CPU
	EndGlobalSection
	GlobalSection(SolutionProperties) = preSolution
		HideSolutionNode = FALSE
	EndGlobalSection
EndGlobal
